
Microsoft Visual Studio Solution File, Format Version 12.00
# Visual Studio Version 17
VisualStudioVersion = 17.0.31521.260
MinimumVisualStudioVersion = 10.0.40219.1
Project("{FAE04EC0-301F-11D3-BF4B-00C04F79EFBC}") = "CSharpAdvanced", "CSharpAdvanced\CSharpAdvanced.csproj", "{6E530FAF-7B09-4B76-A735-1B4A93734045}"
EndProject
Global
	GlobalSection(SolutionConfigurationPlatforms) = preSolution
		Debug|Any CPU = Debug|Any CPU
		Release|Any CPU = Release|Any CPU
	EndGlobalSection
	GlobalSection(ProjectConfigurationPlatforms) = postSolution
		{6E530FAF-7B09-4B76-A735-1B4A93734045}.Debug|Any CPU.ActiveCfg = Debug|Any CPU
		{6E530FAF-7B09-4B76-A735-1B4A93734045}.Debug|Any CPU.Build.0 = Debug|Any CPU
		{6E530FAF-7B09-4B76-A735-1B4A93734045}.Release|Any CPU.ActiveCfg = Release|Any CPU
		{6E530FAF-7B09-4B76-A735-1B4A93734045}.Release|Any CPU.Build.0 = Release|Any CPU
	EndGlobalSection
	GlobalSection(SolutionProperties) = preSolution
		HideSolutionNode = FALSE
	EndGlobalSection
	GlobalSection(ExtensibilityGlobals) = postSolution
		SolutionGuid = {112A6525-60D5-4E80-A8B7-D56325C371E8}
	EndGlobalSection
EndGlobal
