
Microsoft Visual Studio Solution File, Format Version 12.00
# Visual Studio Version 17
VisualStudioVersion = 17.1.32210.238
MinimumVisualStudioVersion = 10.0.40219.1
Project("{9A19103F-16F7-4668-BE54-9A1E7A4F7556}") = "Writer", "Writer\Writer.csproj", "{ACEEDC10-8D6C-48C9-B743-2907928F694B}"
EndProject
Project("{FAE04EC0-301F-11D3-BF4B-00C04F79EFBC}") = "Reader", "Reader\Reader.csproj", "{3F65A880-29FD-4CAA-A35A-831517C53811}"
EndProject
Global
	GlobalSection(SolutionConfigurationPlatforms) = preSolution
		Debug|Any CPU = Debug|Any CPU
		Release|Any CPU = Release|Any CPU
	EndGlobalSection
	GlobalSection(ProjectConfigurationPlatforms) = postSolution
		{ACEEDC10-8D6C-48C9-B743-2907928F694B}.Debug|Any CPU.ActiveCfg = Debug|Any CPU
		{ACEEDC10-8D6C-48C9-B743-2907928F694B}.Debug|Any CPU.Build.0 = Debug|Any CPU
		{ACEEDC10-8D6C-48C9-B743-2907928F694B}.Release|Any CPU.ActiveCfg = Release|Any CPU
		{ACEEDC10-8D6C-48C9-B743-2907928F694B}.Release|Any CPU.Build.0 = Release|Any CPU
		{3F65A880-29FD-4CAA-A35A-831517C53811}.Debug|Any CPU.ActiveCfg = Debug|Any CPU
		{3F65A880-29FD-4CAA-A35A-831517C53811}.Debug|Any CPU.Build.0 = Debug|Any CPU
		{3F65A880-29FD-4CAA-A35A-831517C53811}.Release|Any CPU.ActiveCfg = Release|Any CPU
		{3F65A880-29FD-4CAA-A35A-831517C53811}.Release|Any CPU.Build.0 = Release|Any CPU
	EndGlobalSection
	GlobalSection(SolutionProperties) = preSolution
		HideSolutionNode = FALSE
	EndGlobalSection
	GlobalSection(ExtensibilityGlobals) = postSolution
		SolutionGuid = {9CF33AD5-9E13-4CC8-B331-CF00D4696E4A}
	EndGlobalSection
EndGlobal
