
Microsoft Visual Studio Solution File, Format Version 12.00
# Visual Studio Version 17
VisualStudioVersion = 17.0.31612.314
MinimumVisualStudioVersion = 10.0.40219.1
Project("{FAE04EC0-301F-11D3-BF4B-00C04F79EFBC}") = "CS10", "CS10\CS10.csproj", "{75BB6E68-58D2-4871-8173-15D0136E1CAF}"
EndProject
Global
	GlobalSection(SolutionConfigurationPlatforms) = preSolution
		Debug|Any CPU = Debug|Any CPU
		Release|Any CPU = Release|Any CPU
	EndGlobalSection
	GlobalSection(ProjectConfigurationPlatforms) = postSolution
		{75BB6E68-58D2-4871-8173-15D0136E1CAF}.Debug|Any CPU.ActiveCfg = Debug|Any CPU
		{75BB6E68-58D2-4871-8173-15D0136E1CAF}.Debug|Any CPU.Build.0 = Debug|Any CPU
		{75BB6E68-58D2-4871-8173-15D0136E1CAF}.Release|Any CPU.ActiveCfg = Release|Any CPU
		{75BB6E68-58D2-4871-8173-15D0136E1CAF}.Release|Any CPU.Build.0 = Release|Any CPU
	EndGlobalSection
	GlobalSection(SolutionProperties) = preSolution
		HideSolutionNode = FALSE
	EndGlobalSection
	GlobalSection(ExtensibilityGlobals) = postSolution
		SolutionGuid = {B9CA7762-163A-4294-BC7D-AC9F589438DE}
	EndGlobalSection
EndGlobal
