
Microsoft Visual Studio Solution File, Format Version 12.00
# Visual Studio Version 16
VisualStudioVersion = 16.0.31702.278
MinimumVisualStudioVersion = 10.0.40219.1
Project("{FAE04EC0-301F-11D3-BF4B-00C04F79EFBC}") = "CSharpHTMLReader", "CSharpHTMLReader\CSharpHTMLReader.csproj", "{6BF988D7-6F8C-4973-A077-FAD4635A1B1D}"
EndProject
Global
	GlobalSection(SolutionConfigurationPlatforms) = preSolution
		Debug|Any CPU = Debug|Any CPU
		Release|Any CPU = Release|Any CPU
	EndGlobalSection
	GlobalSection(ProjectConfigurationPlatforms) = postSolution
		{6BF988D7-6F8C-4973-A077-FAD4635A1B1D}.Debug|Any CPU.ActiveCfg = Debug|Any CPU
		{6BF988D7-6F8C-4973-A077-FAD4635A1B1D}.Debug|Any CPU.Build.0 = Debug|Any CPU
		{6BF988D7-6F8C-4973-A077-FAD4635A1B1D}.Release|Any CPU.ActiveCfg = Release|Any CPU
		{6BF988D7-6F8C-4973-A077-FAD4635A1B1D}.Release|Any CPU.Build.0 = Release|Any CPU
	EndGlobalSection
	GlobalSection(SolutionProperties) = preSolution
		HideSolutionNode = FALSE
	EndGlobalSection
	GlobalSection(ExtensibilityGlobals) = postSolution
		SolutionGuid = {1AC10BF3-6117-4560-8011-3B81B8C406D8}
	EndGlobalSection
EndGlobal
