
Microsoft Visual Studio Solution File, Format Version 12.00
# Visual Studio Version 17
VisualStudioVersion = 17.1.31911.260
MinimumVisualStudioVersion = 10.0.40219.1
Project("{FAE04EC0-301F-11D3-BF4B-00C04F79EFBC}") = "URLRewrite", "URLRewrite\URLRewrite.csproj", "{8E959594-EA65-4B49-AD6C-B3C572EB126B}"
EndProject
Project("{FAE04EC0-301F-11D3-BF4B-00C04F79EFBC}") = "WebApplication1", "WebApplication1\WebApplication1.csproj", "{0E3DE11A-2484-4FC5-BE5E-BB650B074A92}"
EndProject
Global
	GlobalSection(SolutionConfigurationPlatforms) = preSolution
		Debug|Any CPU = Debug|Any CPU
		Release|Any CPU = Release|Any CPU
	EndGlobalSection
	GlobalSection(ProjectConfigurationPlatforms) = postSolution
		{8E959594-EA65-4B49-AD6C-B3C572EB126B}.Debug|Any CPU.ActiveCfg = Debug|Any CPU
		{8E959594-EA65-4B49-AD6C-B3C572EB126B}.Debug|Any CPU.Build.0 = Debug|Any CPU
		{8E959594-EA65-4B49-AD6C-B3C572EB126B}.Release|Any CPU.ActiveCfg = Release|Any CPU
		{8E959594-EA65-4B49-AD6C-B3C572EB126B}.Release|Any CPU.Build.0 = Release|Any CPU
		{0E3DE11A-2484-4FC5-BE5E-BB650B074A92}.Debug|Any CPU.ActiveCfg = Debug|Any CPU
		{0E3DE11A-2484-4FC5-BE5E-BB650B074A92}.Debug|Any CPU.Build.0 = Debug|Any CPU
		{0E3DE11A-2484-4FC5-BE5E-BB650B074A92}.Release|Any CPU.ActiveCfg = Release|Any CPU
		{0E3DE11A-2484-4FC5-BE5E-BB650B074A92}.Release|Any CPU.Build.0 = Release|Any CPU
	EndGlobalSection
	GlobalSection(SolutionProperties) = preSolution
		HideSolutionNode = FALSE
	EndGlobalSection
	GlobalSection(ExtensibilityGlobals) = postSolution
		SolutionGuid = {18423ADD-56CF-4B07-88E8-A97AF4351956}
	EndGlobalSection
EndGlobal
