
Microsoft Visual Studio Solution File, Format Version 12.00
# Visual Studio Version 16
VisualStudioVersion = 16.0.31702.278
MinimumVisualStudioVersion = 10.0.40219.1
Project("{FAE04EC0-301F-11D3-BF4B-00C04F79EFBC}") = "WorkerService1", "WorkerService1\WorkerService1.csproj", "{AAFA62EC-2E79-445A-B91C-AA8921D42F36}"
EndProject
Global
	GlobalSection(SolutionConfigurationPlatforms) = preSolution
		Debug|Any CPU = Debug|Any CPU
		Release|Any CPU = Release|Any CPU
	EndGlobalSection
	GlobalSection(ProjectConfigurationPlatforms) = postSolution
		{AAFA62EC-2E79-445A-B91C-AA8921D42F36}.Debug|Any CPU.ActiveCfg = Debug|Any CPU
		{AAFA62EC-2E79-445A-B91C-AA8921D42F36}.Debug|Any CPU.Build.0 = Debug|Any CPU
		{AAFA62EC-2E79-445A-B91C-AA8921D42F36}.Release|Any CPU.ActiveCfg = Release|Any CPU
		{AAFA62EC-2E79-445A-B91C-AA8921D42F36}.Release|Any CPU.Build.0 = Release|Any CPU
	EndGlobalSection
	GlobalSection(SolutionProperties) = preSolution
		HideSolutionNode = FALSE
	EndGlobalSection
	GlobalSection(ExtensibilityGlobals) = postSolution
		SolutionGuid = {E44754E7-C8B9-4A2B-AC3B-B1BFB0AD6A4F}
	EndGlobalSection
EndGlobal
