
Microsoft Visual Studio Solution File, Format Version 12.00
# Visual Studio Version 16
VisualStudioVersion = 16.0.31702.278
MinimumVisualStudioVersion = 10.0.40219.1
Project("{FAE04EC0-301F-11D3-BF4B-00C04F79EFBC}") = "ManagedIdentityStorageSample", "ManagedIdentityStorageSample\ManagedIdentityStorageSample.csproj", "{4FAD215A-A42A-4BE3-A7F2-C23735063260}"
EndProject
Global
	GlobalSection(SolutionConfigurationPlatforms) = preSolution
		Debug|Any CPU = Debug|Any CPU
		Release|Any CPU = Release|Any CPU
	EndGlobalSection
	GlobalSection(ProjectConfigurationPlatforms) = postSolution
		{4FAD215A-A42A-4BE3-A7F2-C23735063260}.Debug|Any CPU.ActiveCfg = Debug|Any CPU
		{4FAD215A-A42A-4BE3-A7F2-C23735063260}.Debug|Any CPU.Build.0 = Debug|Any CPU
		{4FAD215A-A42A-4BE3-A7F2-C23735063260}.Release|Any CPU.ActiveCfg = Release|Any CPU
		{4FAD215A-A42A-4BE3-A7F2-C23735063260}.Release|Any CPU.Build.0 = Release|Any CPU
	EndGlobalSection
	GlobalSection(SolutionProperties) = preSolution
		HideSolutionNode = FALSE
	EndGlobalSection
	GlobalSection(ExtensibilityGlobals) = postSolution
		SolutionGuid = {3C14DE30-6162-4BBA-B60B-A23FCF828B2B}
	EndGlobalSection
EndGlobal
