
Microsoft Visual Studio Solution File, Format Version 12.00
# Visual Studio Version 16
VisualStudioVersion = 16.0.31702.278
MinimumVisualStudioVersion = 10.0.40219.1
Project("{FAE04EC0-301F-11D3-BF4B-00C04F79EFBC}") = "VNetTest", "VNetTest\VNetTest.csproj", "{27B977F5-E3F8-4457-A021-BF492334A06F}"
EndProject
Global
	GlobalSection(SolutionConfigurationPlatforms) = preSolution
		Debug|Any CPU = Debug|Any CPU
		Release|Any CPU = Release|Any CPU
	EndGlobalSection
	GlobalSection(ProjectConfigurationPlatforms) = postSolution
		{27B977F5-E3F8-4457-A021-BF492334A06F}.Debug|Any CPU.ActiveCfg = Debug|Any CPU
		{27B977F5-E3F8-4457-A021-BF492334A06F}.Debug|Any CPU.Build.0 = Debug|Any CPU
		{27B977F5-E3F8-4457-A021-BF492334A06F}.Release|Any CPU.ActiveCfg = Release|Any CPU
		{27B977F5-E3F8-4457-A021-BF492334A06F}.Release|Any CPU.Build.0 = Release|Any CPU
	EndGlobalSection
	GlobalSection(SolutionProperties) = preSolution
		HideSolutionNode = FALSE
	EndGlobalSection
	GlobalSection(ExtensibilityGlobals) = postSolution
		SolutionGuid = {EB055547-84E7-4E61-A5D0-637BB5A8B68D}
	EndGlobalSection
EndGlobal
