
Microsoft Visual Studio Solution File, Format Version 12.00
# Visual Studio Version 16
VisualStudioVersion = 16.0.31702.278
MinimumVisualStudioVersion = 10.0.40219.1
Project("{FAE04EC0-301F-11D3-BF4B-00C04F79EFBC}") = "StoreApp", "StoreApp\StoreApp.csproj", "{DB5A7094-41E2-4D90-A727-A2995EC24F4A}"
EndProject
Global
	GlobalSection(SolutionConfigurationPlatforms) = preSolution
		Debug|Any CPU = Debug|Any CPU
		Release|Any CPU = Release|Any CPU
	EndGlobalSection
	GlobalSection(ProjectConfigurationPlatforms) = postSolution
		{DB5A7094-41E2-4D90-A727-A2995EC24F4A}.Debug|Any CPU.ActiveCfg = Debug|Any CPU
		{DB5A7094-41E2-4D90-A727-A2995EC24F4A}.Debug|Any CPU.Build.0 = Debug|Any CPU
		{DB5A7094-41E2-4D90-A727-A2995EC24F4A}.Release|Any CPU.ActiveCfg = Release|Any CPU
		{DB5A7094-41E2-4D90-A727-A2995EC24F4A}.Release|Any CPU.Build.0 = Release|Any CPU
	EndGlobalSection
	GlobalSection(SolutionProperties) = preSolution
		HideSolutionNode = FALSE
	EndGlobalSection
	GlobalSection(ExtensibilityGlobals) = postSolution
		SolutionGuid = {987F0693-94E1-47F6-B076-A42A29465D53}
	EndGlobalSection
EndGlobal
