
Microsoft Visual Studio Solution File, Format Version 12.00
# Visual Studio Version 16
VisualStudioVersion = 16.0.31702.278
MinimumVisualStudioVersion = 10.0.40219.1
Project("{FAE04EC0-301F-11D3-BF4B-00C04F79EFBC}") = "BindingsDemo", "BindingsDemo\BindingsDemo.csproj", "{D8CB3403-5240-4F3F-B690-157E4A46855C}"
EndProject
Global
	GlobalSection(SolutionConfigurationPlatforms) = preSolution
		Debug|Any CPU = Debug|Any CPU
		Release|Any CPU = Release|Any CPU
	EndGlobalSection
	GlobalSection(ProjectConfigurationPlatforms) = postSolution
		{D8CB3403-5240-4F3F-B690-157E4A46855C}.Debug|Any CPU.ActiveCfg = Debug|Any CPU
		{D8CB3403-5240-4F3F-B690-157E4A46855C}.Debug|Any CPU.Build.0 = Debug|Any CPU
		{D8CB3403-5240-4F3F-B690-157E4A46855C}.Release|Any CPU.ActiveCfg = Release|Any CPU
		{D8CB3403-5240-4F3F-B690-157E4A46855C}.Release|Any CPU.Build.0 = Release|Any CPU
	EndGlobalSection
	GlobalSection(SolutionProperties) = preSolution
		HideSolutionNode = FALSE
	EndGlobalSection
	GlobalSection(ExtensibilityGlobals) = postSolution
		SolutionGuid = {3CE12194-8949-4227-8073-1CC381422C47}
	EndGlobalSection
EndGlobal
