
Microsoft Visual Studio Solution File, Format Version 12.00
# Visual Studio Version 16
VisualStudioVersion = 16.0.31702.278
MinimumVisualStudioVersion = 10.0.40219.1
Project("{FAE04EC0-301F-11D3-BF4B-00C04F79EFBC}") = "ServiceBusTopicsSample", "ServiceBusTopicsSample\ServiceBusTopicsSample.csproj", "{032ABDEC-6E06-4864-A107-4C45425F5C6D}"
EndProject
Global
	GlobalSection(SolutionConfigurationPlatforms) = preSolution
		Debug|Any CPU = Debug|Any CPU
		Release|Any CPU = Release|Any CPU
	EndGlobalSection
	GlobalSection(ProjectConfigurationPlatforms) = postSolution
		{032ABDEC-6E06-4864-A107-4C45425F5C6D}.Debug|Any CPU.ActiveCfg = Debug|Any CPU
		{032ABDEC-6E06-4864-A107-4C45425F5C6D}.Debug|Any CPU.Build.0 = Debug|Any CPU
		{032ABDEC-6E06-4864-A107-4C45425F5C6D}.Release|Any CPU.ActiveCfg = Release|Any CPU
		{032ABDEC-6E06-4864-A107-4C45425F5C6D}.Release|Any CPU.Build.0 = Release|Any CPU
	EndGlobalSection
	GlobalSection(SolutionProperties) = preSolution
		HideSolutionNode = FALSE
	EndGlobalSection
	GlobalSection(ExtensibilityGlobals) = postSolution
		SolutionGuid = {6D859010-DD4B-4A17-9477-2C23092D4817}
	EndGlobalSection
EndGlobal
