
Microsoft Visual Studio Solution File, Format Version 12.00
# Visual Studio Version 17
VisualStudioVersion = 17.1.32210.238
MinimumVisualStudioVersion = 10.0.40219.1
Project("{9A19103F-16F7-4668-BE54-9A1E7A4F7556}") = "SampleApp.Web", "SampleApp.Web\SampleApp.Web.csproj", "{F7620C47-5402-4720-9944-59BA153DF4B3}"
EndProject
Project("{9A19103F-16F7-4668-BE54-9A1E7A4F7556}") = "SampleApp.MVCApp", "SampleApp.MVCApp\SampleApp.MVCApp.csproj", "{C37AF254-3195-4CFC-8D4B-6651290B4758}"
EndProject
Project("{FAE04EC0-301F-11D3-BF4B-00C04F79EFBC}") = "SampleApp.API", "SampleApp.API\SampleApp.API.csproj", "{15C90E59-C798-42C6-AC46-742D782A0BA8}"
EndProject
Global
	GlobalSection(SolutionConfigurationPlatforms) = preSolution
		Debug|Any CPU = Debug|Any CPU
		Release|Any CPU = Release|Any CPU
	EndGlobalSection
	GlobalSection(ProjectConfigurationPlatforms) = postSolution
		{F7620C47-5402-4720-9944-59BA153DF4B3}.Debug|Any CPU.ActiveCfg = Debug|Any CPU
		{F7620C47-5402-4720-9944-59BA153DF4B3}.Debug|Any CPU.Build.0 = Debug|Any CPU
		{F7620C47-5402-4720-9944-59BA153DF4B3}.Release|Any CPU.ActiveCfg = Release|Any CPU
		{F7620C47-5402-4720-9944-59BA153DF4B3}.Release|Any CPU.Build.0 = Release|Any CPU
		{C37AF254-3195-4CFC-8D4B-6651290B4758}.Debug|Any CPU.ActiveCfg = Debug|Any CPU
		{C37AF254-3195-4CFC-8D4B-6651290B4758}.Debug|Any CPU.Build.0 = Debug|Any CPU
		{C37AF254-3195-4CFC-8D4B-6651290B4758}.Release|Any CPU.ActiveCfg = Release|Any CPU
		{C37AF254-3195-4CFC-8D4B-6651290B4758}.Release|Any CPU.Build.0 = Release|Any CPU
		{15C90E59-C798-42C6-AC46-742D782A0BA8}.Debug|Any CPU.ActiveCfg = Debug|Any CPU
		{15C90E59-C798-42C6-AC46-742D782A0BA8}.Debug|Any CPU.Build.0 = Debug|Any CPU
		{15C90E59-C798-42C6-AC46-742D782A0BA8}.Release|Any CPU.ActiveCfg = Release|Any CPU
		{15C90E59-C798-42C6-AC46-742D782A0BA8}.Release|Any CPU.Build.0 = Release|Any CPU
	EndGlobalSection
	GlobalSection(SolutionProperties) = preSolution
		HideSolutionNode = FALSE
	EndGlobalSection
	GlobalSection(ExtensibilityGlobals) = postSolution
		SolutionGuid = {71C2D941-050D-4602-A7CB-FD244696E04B}
	EndGlobalSection
EndGlobal
