Microsoft Visual Studio Solution File, Format Version 12.00
# Visual Studio Version 17
VisualStudioVersion = 17.5.2.0
MinimumVisualStudioVersion = 10.0.40219.1
Project("{FAE04EC0-301F-11D3-BF4B-00C04F79EFBC}") = "01-prepping-the-app", "02-creating-container-image\01-prepping-the-app.csproj", "{6C266B89-934B-6995-A751-DFBE5618DC0A}"
EndProject
Global
	GlobalSection(SolutionConfigurationPlatforms) = preSolution
		Debug|Any CPU = Debug|Any CPU
		Release|Any CPU = Release|Any CPU
	EndGlobalSection
	GlobalSection(ProjectConfigurationPlatforms) = postSolution
		{6C266B89-934B-6995-A751-DFBE5618DC0A}.Debug|Any CPU.ActiveCfg = Debug|Any CPU
		{6C266B89-934B-6995-A751-DFBE5618DC0A}.Debug|Any CPU.Build.0 = Debug|Any CPU
		{6C266B89-934B-6995-A751-DFBE5618DC0A}.Release|Any CPU.ActiveCfg = Release|Any CPU
		{6C266B89-934B-6995-A751-DFBE5618DC0A}.Release|Any CPU.Build.0 = Release|Any CPU
	EndGlobalSection
	GlobalSection(SolutionProperties) = preSolution
		HideSolutionNode = FALSE
	EndGlobalSection
	GlobalSection(ExtensibilityGlobals) = postSolution
		SolutionGuid = {7C7EE27C-97E7-46C7-ACF7-178CAD5A2C92}
	EndGlobalSection
EndGlobal
