
Microsoft Visual Studio Solution File, Format Version 12.00
# Visual Studio Version 17
VisualStudioVersion = 17.1.32210.238
MinimumVisualStudioVersion = 10.0.40219.1
Project("{FAE04EC0-301F-11D3-BF4B-00C04F79EFBC}") = "AuthDemoApp", "AuthDemoApp\AuthDemoApp.csproj", "{23791B12-87B2-4A8C-AAD7-7B7CD243E368}"
EndProject
Global
	GlobalSection(SolutionConfigurationPlatforms) = preSolution
		Debug|Any CPU = Debug|Any CPU
		Release|Any CPU = Release|Any CPU
	EndGlobalSection
	GlobalSection(ProjectConfigurationPlatforms) = postSolution
		{23791B12-87B2-4A8C-AAD7-7B7CD243E368}.Debug|Any CPU.ActiveCfg = Debug|Any CPU
		{23791B12-87B2-4A8C-AAD7-7B7CD243E368}.Debug|Any CPU.Build.0 = Debug|Any CPU
		{23791B12-87B2-4A8C-AAD7-7B7CD243E368}.Release|Any CPU.ActiveCfg = Release|Any CPU
		{23791B12-87B2-4A8C-AAD7-7B7CD243E368}.Release|Any CPU.Build.0 = Release|Any CPU
	EndGlobalSection
	GlobalSection(SolutionProperties) = preSolution
		HideSolutionNode = FALSE
	EndGlobalSection
	GlobalSection(ExtensibilityGlobals) = postSolution
		SolutionGuid = {138A084C-0319-4FCB-B342-5A2A0DF9968D}
	EndGlobalSection
EndGlobal
