
Microsoft Visual Studio Solution File, Format Version 12.00
# Visual Studio Version 16
VisualStudioVersion = 16.0.31702.278
MinimumVisualStudioVersion = 10.0.40219.1
Project("{FAE04EC0-301F-11D3-BF4B-00C04F79EFBC}") = "AutoSwapDemo", "AutoSwapDemo\AutoSwapDemo.csproj", "{D22F591A-B642-4715-8C46-854695D63BBB}"
EndProject
Global
	GlobalSection(SolutionConfigurationPlatforms) = preSolution
		Debug|Any CPU = Debug|Any CPU
		Release|Any CPU = Release|Any CPU
	EndGlobalSection
	GlobalSection(ProjectConfigurationPlatforms) = postSolution
		{D22F591A-B642-4715-8C46-854695D63BBB}.Debug|Any CPU.ActiveCfg = Debug|Any CPU
		{D22F591A-B642-4715-8C46-854695D63BBB}.Debug|Any CPU.Build.0 = Debug|Any CPU
		{D22F591A-B642-4715-8C46-854695D63BBB}.Release|Any CPU.ActiveCfg = Release|Any CPU
		{D22F591A-B642-4715-8C46-854695D63BBB}.Release|Any CPU.Build.0 = Release|Any CPU
	EndGlobalSection
	GlobalSection(SolutionProperties) = preSolution
		HideSolutionNode = FALSE
	EndGlobalSection
	GlobalSection(ExtensibilityGlobals) = postSolution
		SolutionGuid = {FB2795AC-AFE4-4611-9A99-D7927EA8E58A}
	EndGlobalSection
EndGlobal
