
Microsoft Visual Studio Solution File, Format Version 12.00
# Visual Studio Version 16
VisualStudioVersion = 16.0.31729.503
MinimumVisualStudioVersion = 10.0.40219.1
Project("{FAE04EC0-301F-11D3-BF4B-00C04F79EFBC}") = "RedisSample", "RedisSample\RedisSample.csproj", "{E094B3FE-5CE4-4C92-A8BC-C56D52D1CDBE}"
EndProject
Global
	GlobalSection(SolutionConfigurationPlatforms) = preSolution
		Debug|Any CPU = Debug|Any CPU
		Release|Any CPU = Release|Any CPU
	EndGlobalSection
	GlobalSection(ProjectConfigurationPlatforms) = postSolution
		{E094B3FE-5CE4-4C92-A8BC-C56D52D1CDBE}.Debug|Any CPU.ActiveCfg = Debug|Any CPU
		{E094B3FE-5CE4-4C92-A8BC-C56D52D1CDBE}.Debug|Any CPU.Build.0 = Debug|Any CPU
		{E094B3FE-5CE4-4C92-A8BC-C56D52D1CDBE}.Release|Any CPU.ActiveCfg = Release|Any CPU
		{E094B3FE-5CE4-4C92-A8BC-C56D52D1CDBE}.Release|Any CPU.Build.0 = Release|Any CPU
	EndGlobalSection
	GlobalSection(SolutionProperties) = preSolution
		HideSolutionNode = FALSE
	EndGlobalSection
	GlobalSection(ExtensibilityGlobals) = postSolution
		SolutionGuid = {BBC598A6-655B-49E0-895F-B1A724D79CCC}
	EndGlobalSection
EndGlobal
