
Microsoft Visual Studio Solution File, Format Version 12.00
# Visual Studio Version 16
VisualStudioVersion = 16.0.31702.278
MinimumVisualStudioVersion = 10.0.40219.1
Project("{FAE04EC0-301F-11D3-BF4B-00C04F79EFBC}") = "ConsoleApp1", "ConsoleApp1\ConsoleApp1.csproj", "{C693E307-5CA1-40F1-90CA-655D7B8AD395}"
EndProject
Global
	GlobalSection(SolutionConfigurationPlatforms) = preSolution
		Debug|Any CPU = Debug|Any CPU
		Release|Any CPU = Release|Any CPU
	EndGlobalSection
	GlobalSection(ProjectConfigurationPlatforms) = postSolution
		{C693E307-5CA1-40F1-90CA-655D7B8AD395}.Debug|Any CPU.ActiveCfg = Debug|Any CPU
		{C693E307-5CA1-40F1-90CA-655D7B8AD395}.Debug|Any CPU.Build.0 = Debug|Any CPU
		{C693E307-5CA1-40F1-90CA-655D7B8AD395}.Release|Any CPU.ActiveCfg = Release|Any CPU
		{C693E307-5CA1-40F1-90CA-655D7B8AD395}.Release|Any CPU.Build.0 = Release|Any CPU
	EndGlobalSection
	GlobalSection(SolutionProperties) = preSolution
		HideSolutionNode = FALSE
	EndGlobalSection
	GlobalSection(ExtensibilityGlobals) = postSolution
		SolutionGuid = {C0AAD217-4DF9-402E-8FB7-ACD51EFEF5EE}
	EndGlobalSection
EndGlobal
