
Microsoft Visual Studio Solution File, Format Version 12.00
# Visual Studio Version 16
VisualStudioVersion = 16.0.31729.503
MinimumVisualStudioVersion = 10.0.40219.1
Project("{FAE04EC0-301F-11D3-BF4B-00C04F79EFBC}") = "WebPubSubDemo", "WebPubSubDemo\WebPubSubDemo.csproj", "{BF3D11CE-81E9-4FFB-AB23-6284255A50E2}"
EndProject
Global
	GlobalSection(SolutionConfigurationPlatforms) = preSolution
		Debug|Any CPU = Debug|Any CPU
		Release|Any CPU = Release|Any CPU
	EndGlobalSection
	GlobalSection(ProjectConfigurationPlatforms) = postSolution
		{BF3D11CE-81E9-4FFB-AB23-6284255A50E2}.Debug|Any CPU.ActiveCfg = Debug|Any CPU
		{BF3D11CE-81E9-4FFB-AB23-6284255A50E2}.Debug|Any CPU.Build.0 = Debug|Any CPU
		{BF3D11CE-81E9-4FFB-AB23-6284255A50E2}.Release|Any CPU.ActiveCfg = Release|Any CPU
		{BF3D11CE-81E9-4FFB-AB23-6284255A50E2}.Release|Any CPU.Build.0 = Release|Any CPU
	EndGlobalSection
	GlobalSection(SolutionProperties) = preSolution
		HideSolutionNode = FALSE
	EndGlobalSection
	GlobalSection(ExtensibilityGlobals) = postSolution
		SolutionGuid = {31D5FDB1-4625-40B3-BCDC-6FF0AE4CA4CA}
	EndGlobalSection
EndGlobal
